
Microsoft Visual Studio Solution File, Format Version 12.00
# Visual Studio Version 17
VisualStudioVersion = 17.2.32505.173
MinimumVisualStudioVersion = 10.0.40219.1
Project("{8BC9CEB8-8B4A-11D0-8D11-00A0C91BC942}") = "PasswordManager_V2", "PasswordManager_V2\PasswordManager_V2.vcxproj", "{1219223E-D477-409E-A44E-C7B5CCB6C4DA}"
EndProject
Global
	GlobalSection(SolutionConfigurationPlatforms) = preSolution
		Debug|x64 = Debug|x64
		Debug|x86 = Debug|x86
		Release|x64 = Release|x64
		Release|x86 = Release|x86
	EndGlobalSection
	GlobalSection(ProjectConfigurationPlatforms) = postSolution
		{1219223E-D477-409E-A44E-C7B5CCB6C4DA}.Debug|x64.ActiveCfg = Debug|x64
		{1219223E-D477-409E-A44E-C7B5CCB6C4DA}.Debug|x64.Build.0 = Debug|x64
		{1219223E-D477-409E-A44E-C7B5CCB6C4DA}.Debug|x86.ActiveCfg = Debug|Win32
		{1219223E-D477-409E-A44E-C7B5CCB6C4DA}.Debug|x86.Build.0 = Debug|Win32
		{1219223E-D477-409E-A44E-C7B5CCB6C4DA}.Release|x64.ActiveCfg = Release|x64
		{1219223E-D477-409E-A44E-C7B5CCB6C4DA}.Release|x64.Build.0 = Release|x64
		{1219223E-D477-409E-A44E-C7B5CCB6C4DA}.Release|x86.ActiveCfg = Release|Win32
		{1219223E-D477-409E-A44E-C7B5CCB6C4DA}.Release|x86.Build.0 = Release|Win32
	EndGlobalSection
	GlobalSection(SolutionProperties) = preSolution
		HideSolutionNode = FALSE
	EndGlobalSection
	GlobalSection(ExtensibilityGlobals) = postSolution
		SolutionGuid = {1668112F-56ED-4A76-9B8D-2D50AFC47DC7}
	EndGlobalSection
EndGlobal
