<?xml version="1.0" encoding="utf-8"?>
<Project ToolsVersion="4.0" xmlns="http://schemas.microsoft.com/developer/msbuild/2003">
  <ItemGroup>
    <ClCompile Include="achievement.cpp">
      <Filter>Event System</Filter>
    </ClCompile>
    <ClCompile Include="character.cpp">
      <Filter>Event System</Filter>
    </ClCompile>
    <ClCompile Include="collectible.cpp">
      <Filter>Event System</Filter>
    </ClCompile>
    <ClCompile Include="main.c">
      <Filter>Event System</Filter>
    </ClCompile>
    <ClCompile Include="shared.cpp">
      <Filter>Event System</Filter>
    </ClCompile>
    <ClCompile Include="spectators.cpp">
      <Filter>Event System</Filter>
    </ClCompile>
    <ClCompile Include="src\position_system.cpp">
      <Filter>Component System</Filter>
    </ClCompile>
    <ClCompile Include="src\object_system.cpp">
      <Filter>Component System</Filter>
    </ClCompile>
    <ClCompile Include="src\timer_system.cpp">
      <Filter>Component System</Filter>
    </ClCompile>
    <ClCompile Include="src\collision_system.cpp">
      <Filter>Component System</Filter>
    </ClCompile>
    <ClCompile Include="src\render_system.cpp">
      <Filter>Component System</Filter>
    </ClCompile>
    <ClCompile Include="src\spectator_system.cpp">
      <Filter>Component System</Filter>
    </ClCompile>
    <ClCompile Include="src\message_system.cpp">
      <Filter>Component System</Filter>
    </ClCompile>
    <ClCompile Include="src\controller_system.cpp">
      <Filter>Component System</Filter>
    </ClCompile>
    <ClCompile Include="src\collectible_system.cpp">
      <Filter>Component System</Filter>
    </ClCompile>
    <ClCompile Include="src\component_level.cpp">
      <Filter>Component System</Filter>
    </ClCompile>
  </ItemGroup>
  <ItemGroup>
    <ClInclude Include="achievement.h">
      <Filter>Event System</Filter>
    </ClInclude>
    <ClInclude Include="character.h">
      <Filter>Event System</Filter>
    </ClInclude>
    <ClInclude Include="collectible.h">
      <Filter>Event System</Filter>
    </ClInclude>
    <ClInclude Include="shared.h">
      <Filter>Event System</Filter>
    </ClInclude>
    <ClInclude Include="spectators.h">
      <Filter>Event System</Filter>
    </ClInclude>
    <ClInclude Include="src\components.h">
      <Filter>Component System</Filter>
    </ClInclude>
    <ClInclude Include="src\object_system.h">
      <Filter>Component System</Filter>
    </ClInclude>
    <ClInclude Include="src\render_system.h">
      <Filter>Component System</Filter>
    </ClInclude>
    <ClInclude Include="src\position_system.h">
      <Filter>Component System</Filter>
    </ClInclude>
    <ClInclude Include="src\collision_system.h">
      <Filter>Component System</Filter>
    </ClInclude>
    <ClInclude Include="src\timer_system.h">
      <Filter>Component System</Filter>
    </ClInclude>
    <ClInclude Include="src\spectator_system.h">
      <Filter>Component System</Filter>
    </ClInclude>
    <ClInclude Include="src\message_system.h">
      <Filter>Component System</Filter>
    </ClInclude>
    <ClInclude Include="src\controller_system.h">
      <Filter>Component System</Filter>
    </ClInclude>
    <ClInclude Include="src\collectible_system.h">
      <Filter>Component System</Filter>
    </ClInclude>
    <ClInclude Include="src\component_level.h">
      <Filter>Component System</Filter>
    </ClInclude>
  </ItemGroup>
  <ItemGroup>
    <Filter Include="Event System">
      <UniqueIdentifier>{a0d22277-ab70-486b-a9a8-cb94029e3044}</UniqueIdentifier>
    </Filter>
    <Filter Include="Component System">
      <UniqueIdentifier>{237fb181-d1ed-4c20-8795-d0e283e64f37}</UniqueIdentifier>
    </Filter>
  </ItemGroup>
</Project>